
Microsoft Visual Studio Solution File, Format Version 12.00
# Visual Studio Version 16
VisualStudioVersion = 16.0.29009.5
MinimumVisualStudioVersion = 10.0.40219.1
Project("{FAE04EC0-301F-11D3-BF4B-00C04F79EFBC}") = "SignatureMe", "SignatureMe\SignatureMe.csproj", "{CA527488-0A47-4B82-982D-9DBA7575AF90}"
EndProject
Global
	GlobalSection(SolutionConfigurationPlatforms) = preSolution
		Debug|Any CPU = Debug|Any CPU
		Release|Any CPU = Release|Any CPU
	EndGlobalSection
	GlobalSection(ProjectConfigurationPlatforms) = postSolution
		{CA527488-0A47-4B82-982D-9DBA7575AF90}.Debug|Any CPU.ActiveCfg = Debug|Any CPU
		{CA527488-0A47-4B82-982D-9DBA7575AF90}.Debug|Any CPU.Build.0 = Debug|Any CPU
		{CA527488-0A47-4B82-982D-9DBA7575AF90}.Release|Any CPU.ActiveCfg = Release|Any CPU
		{CA527488-0A47-4B82-982D-9DBA7575AF90}.Release|Any CPU.Build.0 = Release|Any CPU
	EndGlobalSection
	GlobalSection(SolutionProperties) = preSolution
		HideSolutionNode = FALSE
	EndGlobalSection
	GlobalSection(ExtensibilityGlobals) = postSolution
		SolutionGuid = {3EECC481-5565-4A89-B699-C93BF387AD6F}
	EndGlobalSection
EndGlobal
